
Microsoft Visual Studio Solution File, Format Version 12.00
# Visual Studio Version 16
VisualStudioVersion = 25.0.1705.4
MinimumVisualStudioVersion = 10.0.40219.1
Project("{FAE04EC0-301F-11D3-BF4B-00C04F79EFBC}") = "SwinAdventure", "SwinAdventure\SwinAdventure.csproj", "{C06415B0-CED0-49A2-8627-34F1A05FFF48}"
EndProject
Project("{FAE04EC0-301F-11D3-BF4B-00C04F79EFBC}") = "SwinAdventureGameTests", "SwinAdventureGameTests\SwinAdventureGameTests.csproj", "{9ACF7D42-2A7F-447E-81F0-0C441FCF22D8}"
EndProject
Global
	GlobalSection(SolutionConfigurationPlatforms) = preSolution
		Debug|Any CPU = Debug|Any CPU
		Release|Any CPU = Release|Any CPU
	EndGlobalSection
	GlobalSection(ProjectConfigurationPlatforms) = postSolution
		{C06415B0-CED0-49A2-8627-34F1A05FFF48}.Debug|Any CPU.ActiveCfg = Debug|Any CPU
		{C06415B0-CED0-49A2-8627-34F1A05FFF48}.Debug|Any CPU.Build.0 = Debug|Any CPU
		{C06415B0-CED0-49A2-8627-34F1A05FFF48}.Release|Any CPU.ActiveCfg = Release|Any CPU
		{C06415B0-CED0-49A2-8627-34F1A05FFF48}.Release|Any CPU.Build.0 = Release|Any CPU
		{9ACF7D42-2A7F-447E-81F0-0C441FCF22D8}.Debug|Any CPU.ActiveCfg = Debug|Any CPU
		{9ACF7D42-2A7F-447E-81F0-0C441FCF22D8}.Debug|Any CPU.Build.0 = Debug|Any CPU
		{9ACF7D42-2A7F-447E-81F0-0C441FCF22D8}.Release|Any CPU.ActiveCfg = Release|Any CPU
		{9ACF7D42-2A7F-447E-81F0-0C441FCF22D8}.Release|Any CPU.Build.0 = Release|Any CPU
	EndGlobalSection
	GlobalSection(SolutionProperties) = preSolution
		HideSolutionNode = FALSE
	EndGlobalSection
	GlobalSection(ExtensibilityGlobals) = postSolution
		SolutionGuid = {F4C8D563-6EF5-45EA-96DD-BB27CAB1F557}
	EndGlobalSection
EndGlobal
